
Microsoft Visual Studio Solution File, Format Version 12.00
# Visual Studio Version 16
VisualStudioVersion = 16.0.30907.101
MinimumVisualStudioVersion = 10.0.40219.1
Project("{8BC9CEB8-8B4A-11D0-8D11-00A0C91BC942}") = "RAW_ClientMouse", "RAW_ClientMouse\RAW_ClientMouse.vcxproj", "{16616315-3A6A-48F8-9BBB-41F69BA08734}"
EndProject
Global
	GlobalSection(SolutionConfigurationPlatforms) = preSolution
		Debug|x64 = Debug|x64
		Debug|x86 = Debug|x86
		Release|x64 = Release|x64
		Release|x86 = Release|x86
	EndGlobalSection
	GlobalSection(ProjectConfigurationPlatforms) = postSolution
		{16616315-3A6A-48F8-9BBB-41F69BA08734}.Debug|x64.ActiveCfg = Debug|x64
		{16616315-3A6A-48F8-9BBB-41F69BA08734}.Debug|x64.Build.0 = Debug|x64
		{16616315-3A6A-48F8-9BBB-41F69BA08734}.Debug|x86.ActiveCfg = Debug|Win32
		{16616315-3A6A-48F8-9BBB-41F69BA08734}.Debug|x86.Build.0 = Debug|Win32
		{16616315-3A6A-48F8-9BBB-41F69BA08734}.Release|x64.ActiveCfg = Release|x64
		{16616315-3A6A-48F8-9BBB-41F69BA08734}.Release|x64.Build.0 = Release|x64
		{16616315-3A6A-48F8-9BBB-41F69BA08734}.Release|x86.ActiveCfg = Release|Win32
		{16616315-3A6A-48F8-9BBB-41F69BA08734}.Release|x86.Build.0 = Release|Win32
	EndGlobalSection
	GlobalSection(SolutionProperties) = preSolution
		HideSolutionNode = FALSE
	EndGlobalSection
	GlobalSection(ExtensibilityGlobals) = postSolution
		SolutionGuid = {BF290357-BDCB-4818-A16C-BF90B9C9F031}
	EndGlobalSection
EndGlobal
